// !$*UTF8*$!
{
	archiveVersion = 1;
	classes = {
	};
	objectVersion = 56;
	objects = {

/* Begin PBXBuildFile section */
		7C3A41CF2919889900F68D46 /* ForecastModel.swift in Sources */ = {isa = PBXBuildFile; fileRef = 7C3A41CE2919889900F68D46 /* ForecastModel.swift */; };
		7C40AAF42910508700233DF4 /* WeatherAppApp.swift in Sources */ = {isa = PBXBuildFile; fileRef = 7C40AAF32910508700233DF4 /* WeatherAppApp.swift */; };
		7C40AAF62910508700233DF4 /* MainView.swift in Sources */ = {isa = PBXBuildFile; fileRef = 7C40AAF52910508700233DF4 /* MainView.swift */; };
		7C40AAF82910508900233DF4 /* Assets.xcassets in Resources */ = {isa = PBXBuildFile; fileRef = 7C40AAF72910508900233DF4 /* Assets.xcassets */; };
		7C40AAFB2910508900233DF4 /* Preview Assets.xcassets in Resources */ = {isa = PBXBuildFile; fileRef = 7C40AAFA2910508900233DF4 /* Preview Assets.xcassets */; };
		7C40AB052910508A00233DF4 /* WeatherAppTests.swift in Sources */ = {isa = PBXBuildFile; fileRef = 7C40AB042910508A00233DF4 /* WeatherAppTests.swift */; };
		7C40AB0F2910508A00233DF4 /* WeatherAppUITests.swift in Sources */ = {isa = PBXBuildFile; fileRef = 7C40AB0E2910508A00233DF4 /* WeatherAppUITests.swift */; };
		7C40AB112910508A00233DF4 /* WeatherAppUITestsLaunchTests.swift in Sources */ = {isa = PBXBuildFile; fileRef = 7C40AB102910508A00233DF4 /* WeatherAppUITestsLaunchTests.swift */; };
		7C40AB1E291062F800233DF4 /* HourlyForecastView.swift in Sources */ = {isa = PBXBuildFile; fileRef = 7C40AB1D291062F800233DF4 /* HourlyForecastView.swift */; };
		7C5593A029203BAC00391165 /* City.swift in Sources */ = {isa = PBXBuildFile; fileRef = 7C55939F29203BAC00391165 /* City.swift */; };
		7C5593A229203BF800391165 /* MainViewModel.swift in Sources */ = {isa = PBXBuildFile; fileRef = 7C5593A129203BF800391165 /* MainViewModel.swift */; };
		7CB8E156292A371800AA0485 /* SplashScreen.swift in Sources */ = {isa = PBXBuildFile; fileRef = 7CB8E155292A371800AA0485 /* SplashScreen.swift */; };
		7CE439A4294A51120029D380 /* GetIconUseCase.swift in Sources */ = {isa = PBXBuildFile; fileRef = 7CE439A3294A51120029D380 /* GetIconUseCase.swift */; };
		7CE5C4FC29119C6800671C90 /* ForecastView.swift in Sources */ = {isa = PBXBuildFile; fileRef = 7CE5C4FB29119C6800671C90 /* ForecastView.swift */; };
		7CE5C4FE2911A46400671C90 /* DayForecastView.swift in Sources */ = {isa = PBXBuildFile; fileRef = 7CE5C4FD2911A46400671C90 /* DayForecastView.swift */; };
		7CE5C5002913ED4D00671C90 /* CurrentWeatherView.swift in Sources */ = {isa = PBXBuildFile; fileRef = 7CE5C4FF2913ED4D00671C90 /* CurrentWeatherView.swift */; };
		7CEC17C2291AC3BA000B283B /* DayForecastViewModel.swift in Sources */ = {isa = PBXBuildFile; fileRef = 7CEC17C1291AC3BA000B283B /* DayForecastViewModel.swift */; };
		7CEC17C4291AC4EC000B283B /* ForecastViewModel.swift in Sources */ = {isa = PBXBuildFile; fileRef = 7CEC17C3291AC4EC000B283B /* ForecastViewModel.swift */; };
		7CEC17C6291C43F7000B283B /* WeatherDataModel.swift in Sources */ = {isa = PBXBuildFile; fileRef = 7CEC17C5291C43F7000B283B /* WeatherDataModel.swift */; };
		7CEC17C8291C85C1000B283B /* CityWeatherViewModel.swift in Sources */ = {isa = PBXBuildFile; fileRef = 7CEC17C7291C85C1000B283B /* CityWeatherViewModel.swift */; };
		7CEC17CA291D848F000B283B /* HourDataModel.swift in Sources */ = {isa = PBXBuildFile; fileRef = 7CEC17C9291D848F000B283B /* HourDataModel.swift */; };
		7CEC17CC291D8757000B283B /* DayViewModel.swift in Sources */ = {isa = PBXBuildFile; fileRef = 7CEC17CB291D8757000B283B /* DayViewModel.swift */; };
		7CEC17CE291D8CD2000B283B /* HourViewModel.swift in Sources */ = {isa = PBXBuildFile; fileRef = 7CEC17CD291D8CD2000B283B /* HourViewModel.swift */; };
		7CFB3D6C291503C600B58033 /* AddCityView.swift in Sources */ = {isa = PBXBuildFile; fileRef = 7CFB3D6B291503C600B58033 /* AddCityView.swift */; };
		7CFB3D732918297C00B58033 /* WeatherService.swift in Sources */ = {isa = PBXBuildFile; fileRef = 7CFB3D722918297C00B58033 /* WeatherService.swift */; };
		7CFB3D7529182C2B00B58033 /* Statics.swift in Sources */ = {isa = PBXBuildFile; fileRef = 7CFB3D7429182C2B00B58033 /* Statics.swift */; };
/* End PBXBuildFile section */

/* Begin PBXContainerItemProxy section */
		7C40AB012910508A00233DF4 /* PBXContainerItemProxy */ = {
			isa = PBXContainerItemProxy;
			containerPortal = 7C40AAE82910508700233DF4 /* Project object */;
			proxyType = 1;
			remoteGlobalIDString = 7C40AAEF2910508700233DF4;
			remoteInfo = WeatherApp;
		};
		7C40AB0B2910508A00233DF4 /* PBXContainerItemProxy */ = {
			isa = PBXContainerItemProxy;
			containerPortal = 7C40AAE82910508700233DF4 /* Project object */;
			proxyType = 1;
			remoteGlobalIDString = 7C40AAEF2910508700233DF4;
			remoteInfo = WeatherApp;
		};
/* End PBXContainerItemProxy section */

/* Begin PBXFileReference section */
		7C3A41CE2919889900F68D46 /* ForecastModel.swift */ = {isa = PBXFileReference; lastKnownFileType = sourcecode.swift; path = ForecastModel.swift; sourceTree = "<group>"; };
		7C40AAF02910508700233DF4 /* WeatherApp.app */ = {isa = PBXFileReference; explicitFileType = wrapper.application; includeInIndex = 0; path = WeatherApp.app; sourceTree = BUILT_PRODUCTS_DIR; };
		7C40AAF32910508700233DF4 /* WeatherAppApp.swift */ = {isa = PBXFileReference; lastKnownFileType = sourcecode.swift; path = WeatherAppApp.swift; sourceTree = "<group>"; };
		7C40AAF52910508700233DF4 /* MainView.swift */ = {isa = PBXFileReference; lastKnownFileType = sourcecode.swift; path = MainView.swift; sourceTree = "<group>"; };
		7C40AAF72910508900233DF4 /* Assets.xcassets */ = {isa = PBXFileReference; lastKnownFileType = folder.assetcatalog; path = Assets.xcassets; sourceTree = "<group>"; };
		7C40AAFA2910508900233DF4 /* Preview Assets.xcassets */ = {isa = PBXFileReference; lastKnownFileType = folder.assetcatalog; path = "Preview Assets.xcassets"; sourceTree = "<group>"; };
		7C40AB002910508A00233DF4 /* WeatherAppTests.xctest */ = {isa = PBXFileReference; explicitFileType = wrapper.cfbundle; includeInIndex = 0; path = WeatherAppTests.xctest; sourceTree = BUILT_PRODUCTS_DIR; };
		7C40AB042910508A00233DF4 /* WeatherAppTests.swift */ = {isa = PBXFileReference; lastKnownFileType = sourcecode.swift; path = WeatherAppTests.swift; sourceTree = "<group>"; };
		7C40AB0A2910508A00233DF4 /* WeatherAppUITests.xctest */ = {isa = PBXFileReference; explicitFileType = wrapper.cfbundle; includeInIndex = 0; path = WeatherAppUITests.xctest; sourceTree = BUILT_PRODUCTS_DIR; };
		7C40AB0E2910508A00233DF4 /* WeatherAppUITests.swift */ = {isa = PBXFileReference; lastKnownFileType = sourcecode.swift; path = WeatherAppUITests.swift; sourceTree = "<group>"; };
		7C40AB102910508A00233DF4 /* WeatherAppUITestsLaunchTests.swift */ = {isa = PBXFileReference; lastKnownFileType = sourcecode.swift; path = WeatherAppUITestsLaunchTests.swift; sourceTree = "<group>"; };
		7C40AB1D291062F800233DF4 /* HourlyForecastView.swift */ = {isa = PBXFileReference; lastKnownFileType = sourcecode.swift; path = HourlyForecastView.swift; sourceTree = "<group>"; };
		7C55939F29203BAC00391165 /* City.swift */ = {isa = PBXFileReference; lastKnownFileType = sourcecode.swift; path = City.swift; sourceTree = "<group>"; };
		7C5593A129203BF800391165 /* MainViewModel.swift */ = {isa = PBXFileReference; lastKnownFileType = sourcecode.swift; path = MainViewModel.swift; sourceTree = "<group>"; };
		7CB8E155292A371800AA0485 /* SplashScreen.swift */ = {isa = PBXFileReference; lastKnownFileType = sourcecode.swift; path = SplashScreen.swift; sourceTree = "<group>"; };
		7CE439A3294A51120029D380 /* GetIconUseCase.swift */ = {isa = PBXFileReference; lastKnownFileType = sourcecode.swift; path = GetIconUseCase.swift; sourceTree = "<group>"; };
		7CE5C4FB29119C6800671C90 /* ForecastView.swift */ = {isa = PBXFileReference; lastKnownFileType = sourcecode.swift; path = ForecastView.swift; sourceTree = "<group>"; };
		7CE5C4FD2911A46400671C90 /* DayForecastView.swift */ = {isa = PBXFileReference; lastKnownFileType = sourcecode.swift; path = DayForecastView.swift; sourceTree = "<group>"; };
		7CE5C4FF2913ED4D00671C90 /* CurrentWeatherView.swift */ = {isa = PBXFileReference; lastKnownFileType = sourcecode.swift; path = CurrentWeatherView.swift; sourceTree = "<group>"; };
		7CEC17C1291AC3BA000B283B /* DayForecastViewModel.swift */ = {isa = PBXFileReference; lastKnownFileType = sourcecode.swift; path = DayForecastViewModel.swift; sourceTree = "<group>"; };
		7CEC17C3291AC4EC000B283B /* ForecastViewModel.swift */ = {isa = PBXFileReference; lastKnownFileType = sourcecode.swift; path = ForecastViewModel.swift; sourceTree = "<group>"; };
		7CEC17C5291C43F7000B283B /* WeatherDataModel.swift */ = {isa = PBXFileReference; lastKnownFileType = sourcecode.swift; path = WeatherDataModel.swift; sourceTree = "<group>"; };
		7CEC17C7291C85C1000B283B /* CityWeatherViewModel.swift */ = {isa = PBXFileReference; lastKnownFileType = sourcecode.swift; path = CityWeatherViewModel.swift; sourceTree = "<group>"; };
		7CEC17C9291D848F000B283B /* HourDataModel.swift */ = {isa = PBXFileReference; lastKnownFileType = sourcecode.swift; path = HourDataModel.swift; sourceTree = "<group>"; };
		7CEC17CB291D8757000B283B /* DayViewModel.swift */ = {isa = PBXFileReference; lastKnownFileType = sourcecode.swift; path = DayViewModel.swift; sourceTree = "<group>"; };
		7CEC17CD291D8CD2000B283B /* HourViewModel.swift */ = {isa = PBXFileReference; lastKnownFileType = sourcecode.swift; path = HourViewModel.swift; sourceTree = "<group>"; };
		7CFB3D6B291503C600B58033 /* AddCityView.swift */ = {isa = PBXFileReference; lastKnownFileType = sourcecode.swift; path = AddCityView.swift; sourceTree = "<group>"; };
		7CFB3D722918297C00B58033 /* WeatherService.swift */ = {isa = PBXFileReference; lastKnownFileType = sourcecode.swift; path = WeatherService.swift; sourceTree = "<group>"; };
		7CFB3D7429182C2B00B58033 /* Statics.swift */ = {isa = PBXFileReference; lastKnownFileType = sourcecode.swift; path = Statics.swift; sourceTree = "<group>"; };
/* End PBXFileReference section */

/* Begin PBXFrameworksBuildPhase section */
		7C40AAED2910508700233DF4 /* Frameworks */ = {
			isa = PBXFrameworksBuildPhase;
			buildActionMask = 2147483647;
			files = (
			);
			runOnlyForDeploymentPostprocessing = 0;
		};
		7C40AAFD2910508A00233DF4 /* Frameworks */ = {
			isa = PBXFrameworksBuildPhase;
			buildActionMask = 2147483647;
			files = (
			);
			runOnlyForDeploymentPostprocessing = 0;
		};
		7C40AB072910508A00233DF4 /* Frameworks */ = {
			isa = PBXFrameworksBuildPhase;
			buildActionMask = 2147483647;
			files = (
			);
			runOnlyForDeploymentPostprocessing = 0;
		};
/* End PBXFrameworksBuildPhase section */

/* Begin PBXGroup section */
		7C40AAE72910508700233DF4 = {
			isa = PBXGroup;
			children = (
				7C40AAF22910508700233DF4 /* WeatherApp */,
				7C40AB032910508A00233DF4 /* WeatherAppTests */,
				7C40AB0D2910508A00233DF4 /* WeatherAppUITests */,
				7C40AAF12910508700233DF4 /* Products */,
			);
			sourceTree = "<group>";
		};
		7C40AAF12910508700233DF4 /* Products */ = {
			isa = PBXGroup;
			children = (
				7C40AAF02910508700233DF4 /* WeatherApp.app */,
				7C40AB002910508A00233DF4 /* WeatherAppTests.xctest */,
				7C40AB0A2910508A00233DF4 /* WeatherAppUITests.xctest */,
			);
			name = Products;
			sourceTree = "<group>";
		};
		7C40AAF22910508700233DF4 /* WeatherApp */ = {
			isa = PBXGroup;
			children = (
				7C40AAF32910508700233DF4 /* WeatherAppApp.swift */,
				7C40AAF52910508700233DF4 /* MainView.swift */,
				7CB8E155292A371800AA0485 /* SplashScreen.swift */,
				7CA9C032292280CE00D998F4 /* CurrentWeather */,
				7CB8E14C292A2C6600AA0485 /* AddCity */,
				7CB8E14D292A2C7C00AA0485 /* Forecast */,
				7C40AAF72910508900233DF4 /* Assets.xcassets */,
				7C40AAF92910508900233DF4 /* Preview Content */,
				7C9EB28D292120FF00960C04 /* Models */,
				7C9EB28A2921209C00960C04 /* ViewModels */,
				7CE439A5294A514D0029D380 /* UseCases */,
				7C9EB28B292120CB00960C04 /* Services */,
				7C9EB28C292120E600960C04 /* Statics */,
			);
			path = WeatherApp;
			sourceTree = "<group>";
		};
		7C40AAF92910508900233DF4 /* Preview Content */ = {
			isa = PBXGroup;
			children = (
				7C40AAFA2910508900233DF4 /* Preview Assets.xcassets */,
			);
			path = "Preview Content";
			sourceTree = "<group>";
		};
		7C40AB032910508A00233DF4 /* WeatherAppTests */ = {
			isa = PBXGroup;
			children = (
				7C40AB042910508A00233DF4 /* WeatherAppTests.swift */,
			);
			path = WeatherAppTests;
			sourceTree = "<group>";
		};
		7C40AB0D2910508A00233DF4 /* WeatherAppUITests */ = {
			isa = PBXGroup;
			children = (
				7C40AB0E2910508A00233DF4 /* WeatherAppUITests.swift */,
				7C40AB102910508A00233DF4 /* WeatherAppUITestsLaunchTests.swift */,
			);
			path = WeatherAppUITests;
			sourceTree = "<group>";
		};
		7C9EB28A2921209C00960C04 /* ViewModels */ = {
			isa = PBXGroup;
			children = (
				7C5593A129203BF800391165 /* MainViewModel.swift */,
			);
			path = ViewModels;
			sourceTree = "<group>";
		};
		7C9EB28B292120CB00960C04 /* Services */ = {
			isa = PBXGroup;
			children = (
				7CFB3D722918297C00B58033 /* WeatherService.swift */,
			);
			path = Services;
			sourceTree = "<group>";
		};
		7C9EB28C292120E600960C04 /* Statics */ = {
			isa = PBXGroup;
			children = (
				7CFB3D7429182C2B00B58033 /* Statics.swift */,
			);
			path = Statics;
			sourceTree = "<group>";
		};
		7C9EB28D292120FF00960C04 /* Models */ = {
			isa = PBXGroup;
			children = (
				7C55939F29203BAC00391165 /* City.swift */,
			);
			path = Models;
			sourceTree = "<group>";
		};
		7CA8BFB229AB71BB00E90943 /* Model */ = {
			isa = PBXGroup;
			children = (
				7CEC17C5291C43F7000B283B /* WeatherDataModel.swift */,
				7CEC17C9291D848F000B283B /* HourDataModel.swift */,
			);
			path = Model;
			sourceTree = "<group>";
		};
		7CA9C032292280CE00D998F4 /* CurrentWeather */ = {
			isa = PBXGroup;
			children = (
				7CE5C4FF2913ED4D00671C90 /* CurrentWeatherView.swift */,
				7C40AB1D291062F800233DF4 /* HourlyForecastView.swift */,
				7CA9C0332922810800D998F4 /* ViewModel */,
				7CA8BFB229AB71BB00E90943 /* Model */,
			);
			path = CurrentWeather;
			sourceTree = "<group>";
		};
		7CA9C0332922810800D998F4 /* ViewModel */ = {
			isa = PBXGroup;
			children = (
				7CEC17C7291C85C1000B283B /* CityWeatherViewModel.swift */,
				7CEC17CD291D8CD2000B283B /* HourViewModel.swift */,
				7CEC17CB291D8757000B283B /* DayViewModel.swift */,
			);
			path = ViewModel;
			sourceTree = "<group>";
		};
		7CB8E14C292A2C6600AA0485 /* AddCity */ = {
			isa = PBXGroup;
			children = (
				7CFB3D6B291503C600B58033 /* AddCityView.swift */,
			);
			path = AddCity;
			sourceTree = "<group>";
		};
		7CB8E14D292A2C7C00AA0485 /* Forecast */ = {
			isa = PBXGroup;
			children = (
				7CE5C4FB29119C6800671C90 /* ForecastView.swift */,
				7CE5C4FD2911A46400671C90 /* DayForecastView.swift */,
				7CB8E14E292A2C8800AA0485 /* ViewModel */,
				7CB8E14F292A2CE100AA0485 /* Model */,
			);
			path = Forecast;
			sourceTree = "<group>";
		};
		7CB8E14E292A2C8800AA0485 /* ViewModel */ = {
			isa = PBXGroup;
			children = (
				7CEC17C3291AC4EC000B283B /* ForecastViewModel.swift */,
				7CEC17C1291AC3BA000B283B /* DayForecastViewModel.swift */,
			);
			path = ViewModel;
			sourceTree = "<group>";
		};
		7CB8E14F292A2CE100AA0485 /* Model */ = {
			isa = PBXGroup;
			children = (
				7C3A41CE2919889900F68D46 /* ForecastModel.swift */,
			);
			path = Model;
			sourceTree = "<group>";
		};
		7CE439A5294A514D0029D380 /* UseCases */ = {
			isa = PBXGroup;
			children = (
				7CE439A3294A51120029D380 /* GetIconUseCase.swift */,
			);
			path = UseCases;
			sourceTree = "<group>";
		};
/* End PBXGroup section */

/* Begin PBXNativeTarget section */
		7C40AAEF2910508700233DF4 /* WeatherApp */ = {
			isa = PBXNativeTarget;
			buildConfigurationList = 7C40AB142910508A00233DF4 /* Build configuration list for PBXNativeTarget "WeatherApp" */;
			buildPhases = (
				7C40AAEC2910508700233DF4 /* Sources */,
				7C40AAED2910508700233DF4 /* Frameworks */,
				7C40AAEE2910508700233DF4 /* Resources */,
			);
			buildRules = (
			);
			dependencies = (
			);
			name = WeatherApp;
			productName = WeatherApp;
			productReference = 7C40AAF02910508700233DF4 /* WeatherApp.app */;
			productType = "com.apple.product-type.application";
		};
		7C40AAFF2910508A00233DF4 /* WeatherAppTests */ = {
			isa = PBXNativeTarget;
			buildConfigurationList = 7C40AB172910508A00233DF4 /* Build configuration list for PBXNativeTarget "WeatherAppTests" */;
			buildPhases = (
				7C40AAFC2910508A00233DF4 /* Sources */,
				7C40AAFD2910508A00233DF4 /* Frameworks */,
				7C40AAFE2910508A00233DF4 /* Resources */,
			);
			buildRules = (
			);
			dependencies = (
				7C40AB022910508A00233DF4 /* PBXTargetDependency */,
			);
			name = WeatherAppTests;
			productName = WeatherAppTests;
			productReference = 7C40AB002910508A00233DF4 /* WeatherAppTests.xctest */;
			productType = "com.apple.product-type.bundle.unit-test";
		};
		7C40AB092910508A00233DF4 /* WeatherAppUITests */ = {
			isa = PBXNativeTarget;
			buildConfigurationList = 7C40AB1A2910508A00233DF4 /* Build configuration list for PBXNativeTarget "WeatherAppUITests" */;
			buildPhases = (
				7C40AB062910508A00233DF4 /* Sources */,
				7C40AB072910508A00233DF4 /* Frameworks */,
				7C40AB082910508A00233DF4 /* Resources */,
			);
			buildRules = (
			);
			dependencies = (
				7C40AB0C2910508A00233DF4 /* PBXTargetDependency */,
			);
			name = WeatherAppUITests;
			productName = WeatherAppUITests;
			productReference = 7C40AB0A2910508A00233DF4 /* WeatherAppUITests.xctest */;
			productType = "com.apple.product-type.bundle.ui-testing";
		};
/* End PBXNativeTarget section */

/* Begin PBXProject section */
		7C40AAE82910508700233DF4 /* Project object */ = {
			isa = PBXProject;
			attributes = {
				BuildIndependentTargetsInParallel = 1;
				LastSwiftUpdateCheck = 1400;
				LastUpgradeCheck = 1400;
				TargetAttributes = {
					7C40AAEF2910508700233DF4 = {
						CreatedOnToolsVersion = 14.0.1;
					};
					7C40AAFF2910508A00233DF4 = {
						CreatedOnToolsVersion = 14.0.1;
						TestTargetID = 7C40AAEF2910508700233DF4;
					};
					7C40AB092910508A00233DF4 = {
						CreatedOnToolsVersion = 14.0.1;
						TestTargetID = 7C40AAEF2910508700233DF4;
					};
				};
			};
			buildConfigurationList = 7C40AAEB2910508700233DF4 /* Build configuration list for PBXProject "WeatherApp" */;
			compatibilityVersion = "Xcode 14.0";
			developmentRegion = en;
			hasScannedForEncodings = 0;
			knownRegions = (
				en,
				Base,
			);
			mainGroup = 7C40AAE72910508700233DF4;
			productRefGroup = 7C40AAF12910508700233DF4 /* Products */;
			projectDirPath = "";
			projectRoot = "";
			targets = (
				7C40AAEF2910508700233DF4 /* WeatherApp */,
				7C40AAFF2910508A00233DF4 /* WeatherAppTests */,
				7C40AB092910508A00233DF4 /* WeatherAppUITests */,
			);
		};
/* End PBXProject section */

/* Begin PBXResourcesBuildPhase section */
		7C40AAEE2910508700233DF4 /* Resources */ = {
			isa = PBXResourcesBuildPhase;
			buildActionMask = 2147483647;
			files = (
				7C40AAFB2910508900233DF4 /* Preview Assets.xcassets in Resources */,
				7C40AAF82910508900233DF4 /* Assets.xcassets in Resources */,
			);
			runOnlyForDeploymentPostprocessing = 0;
		};
		7C40AAFE2910508A00233DF4 /* Resources */ = {
			isa = PBXResourcesBuildPhase;
			buildActionMask = 2147483647;
			files = (
			);
			runOnlyForDeploymentPostprocessing = 0;
		};
		7C40AB082910508A00233DF4 /* Resources */ = {
			isa = PBXResourcesBuildPhase;
			buildActionMask = 2147483647;
			files = (
			);
			runOnlyForDeploymentPostprocessing = 0;
		};
/* End PBXResourcesBuildPhase section */

/* Begin PBXSourcesBuildPhase section */
		7C40AAEC2910508700233DF4 /* Sources */ = {
			isa = PBXSourcesBuildPhase;
			buildActionMask = 2147483647;
			files = (
				7CE439A4294A51120029D380 /* GetIconUseCase.swift in Sources */,
				7CB8E156292A371800AA0485 /* SplashScreen.swift in Sources */,
				7CE5C4FC29119C6800671C90 /* ForecastView.swift in Sources */,
				7CFB3D732918297C00B58033 /* WeatherService.swift in Sources */,
				7C5593A029203BAC00391165 /* City.swift in Sources */,
				7C40AAF62910508700233DF4 /* MainView.swift in Sources */,
				7CE5C4FE2911A46400671C90 /* DayForecastView.swift in Sources */,
				7CE5C5002913ED4D00671C90 /* CurrentWeatherView.swift in Sources */,
				7C40AAF42910508700233DF4 /* WeatherAppApp.swift in Sources */,
				7C40AB1E291062F800233DF4 /* HourlyForecastView.swift in Sources */,
				7CFB3D7529182C2B00B58033 /* Statics.swift in Sources */,
				7CEC17C2291AC3BA000B283B /* DayForecastViewModel.swift in Sources */,
				7CEC17CA291D848F000B283B /* HourDataModel.swift in Sources */,
				7CEC17CE291D8CD2000B283B /* HourViewModel.swift in Sources */,
				7CEC17CC291D8757000B283B /* DayViewModel.swift in Sources */,
				7C5593A229203BF800391165 /* MainViewModel.swift in Sources */,
				7CEC17C8291C85C1000B283B /* CityWeatherViewModel.swift in Sources */,
				7CEC17C6291C43F7000B283B /* WeatherDataModel.swift in Sources */,
				7C3A41CF2919889900F68D46 /* ForecastModel.swift in Sources */,
				7CEC17C4291AC4EC000B283B /* ForecastViewModel.swift in Sources */,
				7CFB3D6C291503C600B58033 /* AddCityView.swift in Sources */,
			);
			runOnlyForDeploymentPostprocessing = 0;
		};
		7C40AAFC2910508A00233DF4 /* Sources */ = {
			isa = PBXSourcesBuildPhase;
			buildActionMask = 2147483647;
			files = (
				7C40AB052910508A00233DF4 /* WeatherAppTests.swift in Sources */,
			);
			runOnlyForDeploymentPostprocessing = 0;
		};
		7C40AB062910508A00233DF4 /* Sources */ = {
			isa = PBXSourcesBuildPhase;
			buildActionMask = 2147483647;
			files = (
				7C40AB0F2910508A00233DF4 /* WeatherAppUITests.swift in Sources */,
				7C40AB112910508A00233DF4 /* WeatherAppUITestsLaunchTests.swift in Sources */,
			);
			runOnlyForDeploymentPostprocessing = 0;
		};
/* End PBXSourcesBuildPhase section */

/* Begin PBXTargetDependency section */
		7C40AB022910508A00233DF4 /* PBXTargetDependency */ = {
			isa = PBXTargetDependency;
			target = 7C40AAEF2910508700233DF4 /* WeatherApp */;
			targetProxy = 7C40AB012910508A00233DF4 /* PBXContainerItemProxy */;
		};
		7C40AB0C2910508A00233DF4 /* PBXTargetDependency */ = {
			isa = PBXTargetDependency;
			target = 7C40AAEF2910508700233DF4 /* WeatherApp */;
			targetProxy = 7C40AB0B2910508A00233DF4 /* PBXContainerItemProxy */;
		};
/* End PBXTargetDependency section */

/* Begin XCBuildConfiguration section */
		7C40AB122910508A00233DF4 /* Debug */ = {
			isa = XCBuildConfiguration;
			buildSettings = {
				ALWAYS_SEARCH_USER_PATHS = NO;
				CLANG_ANALYZER_NONNULL = YES;
				CLANG_ANALYZER_NUMBER_OBJECT_CONVERSION = YES_AGGRESSIVE;
				CLANG_CXX_LANGUAGE_STANDARD = "gnu++20";
				CLANG_ENABLE_MODULES = YES;
				CLANG_ENABLE_OBJC_ARC = YES;
				CLANG_ENABLE_OBJC_WEAK = YES;
				CLANG_WARN_BLOCK_CAPTURE_AUTORELEASING = YES;
				CLANG_WARN_BOOL_CONVERSION = YES;
				CLANG_WARN_COMMA = YES;
				CLANG_WARN_CONSTANT_CONVERSION = YES;
				CLANG_WARN_DEPRECATED_OBJC_IMPLEMENTATIONS = YES;
				CLANG_WARN_DIRECT_OBJC_ISA_USAGE = YES_ERROR;
				CLANG_WARN_DOCUMENTATION_COMMENTS = YES;
				CLANG_WARN_EMPTY_BODY = YES;
				CLANG_WARN_ENUM_CONVERSION = YES;
				CLANG_WARN_INFINITE_RECURSION = YES;
				CLANG_WARN_INT_CONVERSION = YES;
				CLANG_WARN_NON_LITERAL_NULL_CONVERSION = YES;
				CLANG_WARN_OBJC_IMPLICIT_RETAIN_SELF = YES;
				CLANG_WARN_OBJC_LITERAL_CONVERSION = YES;
				CLANG_WARN_OBJC_ROOT_CLASS = YES_ERROR;
				CLANG_WARN_QUOTED_INCLUDE_IN_FRAMEWORK_HEADER = YES;
				CLANG_WARN_RANGE_LOOP_ANALYSIS = YES;
				CLANG_WARN_STRICT_PROTOTYPES = YES;
				CLANG_WARN_SUSPICIOUS_MOVE = YES;
				CLANG_WARN_UNGUARDED_AVAILABILITY = YES_AGGRESSIVE;
				CLANG_WARN_UNREACHABLE_CODE = YES;
				CLANG_WARN__DUPLICATE_METHOD_MATCH = YES;
				COPY_PHASE_STRIP = NO;
				DEBUG_INFORMATION_FORMAT = dwarf;
				ENABLE_STRICT_OBJC_MSGSEND = YES;
				ENABLE_TESTABILITY = YES;
				GCC_C_LANGUAGE_STANDARD = gnu11;
				GCC_DYNAMIC_NO_PIC = NO;
				GCC_NO_COMMON_BLOCKS = YES;
				GCC_OPTIMIZATION_LEVEL = 0;
				GCC_PREPROCESSOR_DEFINITIONS = (
					"DEBUG=1",
					"$(inherited)",
				);
				GCC_WARN_64_TO_32_BIT_CONVERSION = YES;
				GCC_WARN_ABOUT_RETURN_TYPE = YES_ERROR;
				GCC_WARN_UNDECLARED_SELECTOR = YES;
				GCC_WARN_UNINITIALIZED_AUTOS = YES_AGGRESSIVE;
				GCC_WARN_UNUSED_FUNCTION = YES;
				GCC_WARN_UNUSED_VARIABLE = YES;
				IPHONEOS_DEPLOYMENT_TARGET = 16.0;
				MTL_ENABLE_DEBUG_INFO = INCLUDE_SOURCE;
				MTL_FAST_MATH = YES;
				ONLY_ACTIVE_ARCH = YES;
				SDKROOT = iphoneos;
				SWIFT_ACTIVE_COMPILATION_CONDITIONS = DEBUG;
				SWIFT_OPTIMIZATION_LEVEL = "-Onone";
			};
			name = Debug;
		};
		7C40AB132910508A00233DF4 /* Release */ = {
			isa = XCBuildConfiguration;
			buildSettings = {
				ALWAYS_SEARCH_USER_PATHS = NO;
				CLANG_ANALYZER_NONNULL = YES;
				CLANG_ANALYZER_NUMBER_OBJECT_CONVERSION = YES_AGGRESSIVE;
				CLANG_CXX_LANGUAGE_STANDARD = "gnu++20";
				CLANG_ENABLE_MODULES = YES;
				CLANG_ENABLE_OBJC_ARC = YES;
				CLANG_ENABLE_OBJC_WEAK = YES;
				CLANG_WARN_BLOCK_CAPTURE_AUTORELEASING = YES;
				CLANG_WARN_BOOL_CONVERSION = YES;
				CLANG_WARN_COMMA = YES;
				CLANG_WARN_CONSTANT_CONVERSION = YES;
				CLANG_WARN_DEPRECATED_OBJC_IMPLEMENTATIONS = YES;
				CLANG_WARN_DIRECT_OBJC_ISA_USAGE = YES_ERROR;
				CLANG_WARN_DOCUMENTATION_COMMENTS = YES;
				CLANG_WARN_EMPTY_BODY = YES;
				CLANG_WARN_ENUM_CONVERSION = YES;
				CLANG_WARN_INFINITE_RECURSION = YES;
				CLANG_WARN_INT_CONVERSION = YES;
				CLANG_WARN_NON_LITERAL_NULL_CONVERSION = YES;
				CLANG_WARN_OBJC_IMPLICIT_RETAIN_SELF = YES;
				CLANG_WARN_OBJC_LITERAL_CONVERSION = YES;
				CLANG_WARN_OBJC_ROOT_CLASS = YES_ERROR;
				CLANG_WARN_QUOTED_INCLUDE_IN_FRAMEWORK_HEADER = YES;
				CLANG_WARN_RANGE_LOOP_ANALYSIS = YES;
				CLANG_WARN_STRICT_PROTOTYPES = YES;
				CLANG_WARN_SUSPICIOUS_MOVE = YES;
				CLANG_WARN_UNGUARDED_AVAILABILITY = YES_AGGRESSIVE;
				CLANG_WARN_UNREACHABLE_CODE = YES;
				CLANG_WARN__DUPLICATE_METHOD_MATCH = YES;
				COPY_PHASE_STRIP = NO;
				DEBUG_INFORMATION_FORMAT = "dwarf-with-dsym";
				ENABLE_NS_ASSERTIONS = NO;
				ENABLE_STRICT_OBJC_MSGSEND = YES;
				GCC_C_LANGUAGE_STANDARD = gnu11;
				GCC_NO_COMMON_BLOCKS = YES;
				GCC_WARN_64_TO_32_BIT_CONVERSION = YES;
				GCC_WARN_ABOUT_RETURN_TYPE = YES_ERROR;
				GCC_WARN_UNDECLARED_SELECTOR = YES;
				GCC_WARN_UNINITIALIZED_AUTOS = YES_AGGRESSIVE;
				GCC_WARN_UNUSED_FUNCTION = YES;
				GCC_WARN_UNUSED_VARIABLE = YES;
				IPHONEOS_DEPLOYMENT_TARGET = 16.0;
				MTL_ENABLE_DEBUG_INFO = NO;
				MTL_FAST_MATH = YES;
				SDKROOT = iphoneos;
				SWIFT_COMPILATION_MODE = wholemodule;
				SWIFT_OPTIMIZATION_LEVEL = "-O";
				VALIDATE_PRODUCT = YES;
			};
			name = Release;
		};
		7C40AB152910508A00233DF4 /* Debug */ = {
			isa = XCBuildConfiguration;
			buildSettings = {
				ASSETCATALOG_COMPILER_APPICON_NAME = AppIcon;
				ASSETCATALOG_COMPILER_GLOBAL_ACCENT_COLOR_NAME = AccentColor;
				CODE_SIGN_STYLE = Automatic;
				CURRENT_PROJECT_VERSION = 1;
				DEVELOPMENT_ASSET_PATHS = "\"WeatherApp/Preview Content\"";
				DEVELOPMENT_TEAM = 46XVA3WLKT;
				ENABLE_PREVIEWS = YES;
				GENERATE_INFOPLIST_FILE = YES;
				INFOPLIST_FILE = WeatherApp/Info.plist;
				INFOPLIST_KEY_UIApplicationSceneManifest_Generation = YES;
				INFOPLIST_KEY_UIApplicationSupportsIndirectInputEvents = YES;
				INFOPLIST_KEY_UILaunchScreen_Generation = YES;
				INFOPLIST_KEY_UIRequiresFullScreen = NO;
				INFOPLIST_KEY_UISupportedInterfaceOrientations = UIInterfaceOrientationPortrait;
				LD_RUNPATH_SEARCH_PATHS = (
					"$(inherited)",
					"@executable_path/Frameworks",
				);
				MARKETING_VERSION = 1.0;
				PRODUCT_BUNDLE_IDENTIFIER = "-.WeatherAppl.-";
				PRODUCT_NAME = "$(TARGET_NAME)";
				SWIFT_EMIT_LOC_STRINGS = YES;
				SWIFT_VERSION = 5.0;
				TARGETED_DEVICE_FAMILY = "1,2";
			};
			name = Debug;
		};
		7C40AB162910508A00233DF4 /* Release */ = {
			isa = XCBuildConfiguration;
			buildSettings = {
				ASSETCATALOG_COMPILER_APPICON_NAME = AppIcon;
				ASSETCATALOG_COMPILER_GLOBAL_ACCENT_COLOR_NAME = AccentColor;
				CODE_SIGN_STYLE = Automatic;
				CURRENT_PROJECT_VERSION = 1;
				DEVELOPMENT_ASSET_PATHS = "\"WeatherApp/Preview Content\"";
				DEVELOPMENT_TEAM = 46XVA3WLKT;
				ENABLE_PREVIEWS = YES;
				GENERATE_INFOPLIST_FILE = YES;
				INFOPLIST_FILE = WeatherApp/Info.plist;
				INFOPLIST_KEY_UIApplicationSceneManifest_Generation = YES;
				INFOPLIST_KEY_UIApplicationSupportsIndirectInputEvents = YES;
				INFOPLIST_KEY_UILaunchScreen_Generation = YES;
				INFOPLIST_KEY_UIRequiresFullScreen = NO;
				INFOPLIST_KEY_UISupportedInterfaceOrientations = UIInterfaceOrientationPortrait;
				LD_RUNPATH_SEARCH_PATHS = (
					"$(inherited)",
					"@executable_path/Frameworks",
				);
				MARKETING_VERSION = 1.0;
				PRODUCT_BUNDLE_IDENTIFIER = "-.WeatherAppl.-";
				PRODUCT_NAME = "$(TARGET_NAME)";
				SWIFT_EMIT_LOC_STRINGS = YES;
				SWIFT_VERSION = 5.0;
				TARGETED_DEVICE_FAMILY = "1,2";
			};
			name = Release;
		};
		7C40AB182910508A00233DF4 /* Debug */ = {
			isa = XCBuildConfiguration;
			buildSettings = {
				ALWAYS_EMBED_SWIFT_STANDARD_LIBRARIES = YES;
				BUNDLE_LOADER = "$(TEST_HOST)";
				CODE_SIGN_STYLE = Automatic;
				CURRENT_PROJECT_VERSION = 1;
				DEVELOPMENT_TEAM = 46XVA3WLKT;
				GENERATE_INFOPLIST_FILE = YES;
				IPHONEOS_DEPLOYMENT_TARGET = 16.0;
				MARKETING_VERSION = 1.0;
				PRODUCT_BUNDLE_IDENTIFIER = "-.WeatherAppTests";
				PRODUCT_NAME = "$(TARGET_NAME)";
				SWIFT_EMIT_LOC_STRINGS = NO;
				SWIFT_VERSION = 5.0;
				TARGETED_DEVICE_FAMILY = "1,2";
				TEST_HOST = "$(BUILT_PRODUCTS_DIR)/WeatherApp.app/$(BUNDLE_EXECUTABLE_FOLDER_PATH)/WeatherApp";
			};
			name = Debug;
		};
		7C40AB192910508A00233DF4 /* Release */ = {
			isa = XCBuildConfiguration;
			buildSettings = {
				ALWAYS_EMBED_SWIFT_STANDARD_LIBRARIES = YES;
				BUNDLE_LOADER = "$(TEST_HOST)";
				CODE_SIGN_STYLE = Automatic;
				CURRENT_PROJECT_VERSION = 1;
				DEVELOPMENT_TEAM = 46XVA3WLKT;
				GENERATE_INFOPLIST_FILE = YES;
				IPHONEOS_DEPLOYMENT_TARGET = 16.0;
				MARKETING_VERSION = 1.0;
				PRODUCT_BUNDLE_IDENTIFIER = "-.WeatherAppTests";
				PRODUCT_NAME = "$(TARGET_NAME)";
				SWIFT_EMIT_LOC_STRINGS = NO;
				SWIFT_VERSION = 5.0;
				TARGETED_DEVICE_FAMILY = "1,2";
				TEST_HOST = "$(BUILT_PRODUCTS_DIR)/WeatherApp.app/$(BUNDLE_EXECUTABLE_FOLDER_PATH)/WeatherApp";
			};
			name = Release;
		};
		7C40AB1B2910508A00233DF4 /* Debug */ = {
			isa = XCBuildConfiguration;
			buildSettings = {
				ALWAYS_EMBED_SWIFT_STANDARD_LIBRARIES = YES;
				CODE_SIGN_STYLE = Automatic;
				CURRENT_PROJECT_VERSION = 1;
				DEVELOPMENT_TEAM = 46XVA3WLKT;
				GENERATE_INFOPLIST_FILE = YES;
				MARKETING_VERSION = 1.0;
				PRODUCT_BUNDLE_IDENTIFIER = "-.WeatherAppUITests";
				PRODUCT_NAME = "$(TARGET_NAME)";
				SWIFT_EMIT_LOC_STRINGS = NO;
				SWIFT_VERSION = 5.0;
				TARGETED_DEVICE_FAMILY = "1,2";
				TEST_TARGET_NAME = WeatherApp;
			};
			name = Debug;
		};
		7C40AB1C2910508A00233DF4 /* Release */ = {
			isa = XCBuildConfiguration;
			buildSettings = {
				ALWAYS_EMBED_SWIFT_STANDARD_LIBRARIES = YES;
				CODE_SIGN_STYLE = Automatic;
				CURRENT_PROJECT_VERSION = 1;
				DEVELOPMENT_TEAM = 46XVA3WLKT;
				GENERATE_INFOPLIST_FILE = YES;
				MARKETING_VERSION = 1.0;
				PRODUCT_BUNDLE_IDENTIFIER = "-.WeatherAppUITests";
				PRODUCT_NAME = "$(TARGET_NAME)";
				SWIFT_EMIT_LOC_STRINGS = NO;
				SWIFT_VERSION = 5.0;
				TARGETED_DEVICE_FAMILY = "1,2";
				TEST_TARGET_NAME = WeatherApp;
			};
			name = Release;
		};
/* End XCBuildConfiguration section */

/* Begin XCConfigurationList section */
		7C40AAEB2910508700233DF4 /* Build configuration list for PBXProject "WeatherApp" */ = {
			isa = XCConfigurationList;
			buildConfigurations = (
				7C40AB122910508A00233DF4 /* Debug */,
				7C40AB132910508A00233DF4 /* Release */,
			);
			defaultConfigurationIsVisible = 0;
			defaultConfigurationName = Release;
		};
		7C40AB142910508A00233DF4 /* Build configuration list for PBXNativeTarget "WeatherApp" */ = {
			isa = XCConfigurationList;
			buildConfigurations = (
				7C40AB152910508A00233DF4 /* Debug */,
				7C40AB162910508A00233DF4 /* Release */,
			);
			defaultConfigurationIsVisible = 0;
			defaultConfigurationName = Release;
		};
		7C40AB172910508A00233DF4 /* Build configuration list for PBXNativeTarget "WeatherAppTests" */ = {
			isa = XCConfigurationList;
			buildConfigurations = (
				7C40AB182910508A00233DF4 /* Debug */,
				7C40AB192910508A00233DF4 /* Release */,
			);
			defaultConfigurationIsVisible = 0;
			defaultConfigurationName = Release;
		};
		7C40AB1A2910508A00233DF4 /* Build configuration list for PBXNativeTarget "WeatherAppUITests" */ = {
			isa = XCConfigurationList;
			buildConfigurations = (
				7C40AB1B2910508A00233DF4 /* Debug */,
				7C40AB1C2910508A00233DF4 /* Release */,
			);
			defaultConfigurationIsVisible = 0;
			defaultConfigurationName = Release;
		};
/* End XCConfigurationList section */
	};
	rootObject = 7C40AAE82910508700233DF4 /* Project object */;
}
